
Microsoft Visual Studio Solution File, Format Version 12.00
# Visual Studio 14
VisualStudioVersion = 14.0.25420.1
MinimumVisualStudioVersion = 10.0.40219.1
Project("{FAE04EC0-301F-11D3-BF4B-00C04F79EFBC}") = "hd-speed-test", "hd-speed-test\hd-speed-test.csproj", "{F2F3735C-B289-4ED7-AA39-2C88F4F30A47}"
EndProject
Global
	GlobalSection(SolutionConfigurationPlatforms) = preSolution
		Debug|Any CPU = Debug|Any CPU
		Release|Any CPU = Release|Any CPU
	EndGlobalSection
	GlobalSection(ProjectConfigurationPlatforms) = postSolution
		{F2F3735C-B289-4ED7-AA39-2C88F4F30A47}.Debug|Any CPU.ActiveCfg = Debug|Any CPU
		{F2F3735C-B289-4ED7-AA39-2C88F4F30A47}.Debug|Any CPU.Build.0 = Debug|Any CPU
		{F2F3735C-B289-4ED7-AA39-2C88F4F30A47}.Release|Any CPU.ActiveCfg = Release|Any CPU
		{F2F3735C-B289-4ED7-AA39-2C88F4F30A47}.Release|Any CPU.Build.0 = Release|Any CPU
	EndGlobalSection
	GlobalSection(SolutionProperties) = preSolution
		HideSolutionNode = FALSE
	EndGlobalSection
EndGlobal
